// !$*UTF8*$!
{
	archiveVersion = 1;
	classes = {
	};
	objectVersion = 46;
	objects = {

/* Begin PBXBuildFile section */
		1965E35F1E8170E600F70C71 /* BaseViewController.swift in Sources */ = {isa = PBXBuildFile; fileRef = 1965E35E1E8170E600F70C71 /* BaseViewController.swift */; };
		1965E3611E81730F00F70C71 /* WeatherViewController.swift in Sources */ = {isa = PBXBuildFile; fileRef = 1965E3601E81730F00F70C71 /* WeatherViewController.swift */; };
		1965E3661E81940600F70C71 /* ContainerViewController.swift in Sources */ = {isa = PBXBuildFile; fileRef = 1965E3651E81940600F70C71 /* ContainerViewController.swift */; };
		196D20401E82FB3A0097A4B9 /* DetailWeatherViewController.swift in Sources */ = {isa = PBXBuildFile; fileRef = 196D203F1E82FB3A0097A4B9 /* DetailWeatherViewController.swift */; };
		1982BA4D1E7A932C004BF459 /* AppDelegate.swift in Sources */ = {isa = PBXBuildFile; fileRef = 1982BA4C1E7A932C004BF459 /* AppDelegate.swift */; };
		1982BA521E7A932C004BF459 /* Main.storyboard in Resources */ = {isa = PBXBuildFile; fileRef = 1982BA501E7A932C004BF459 /* Main.storyboard */; };
		1982BA541E7A932C004BF459 /* Assets.xcassets in Resources */ = {isa = PBXBuildFile; fileRef = 1982BA531E7A932C004BF459 /* Assets.xcassets */; };
		1982BA571E7A932C004BF459 /* LaunchScreen.storyboard in Resources */ = {isa = PBXBuildFile; fileRef = 1982BA551E7A932C004BF459 /* LaunchScreen.storyboard */; };
		19E3566B1E89830C007783D1 /* WeatherCell.swift in Sources */ = {isa = PBXBuildFile; fileRef = 19E3566A1E89830C007783D1 /* WeatherCell.swift */; };
		19E3566D1E8999C7007783D1 /* DetailWeatherCell.swift in Sources */ = {isa = PBXBuildFile; fileRef = 19E3566C1E8999C7007783D1 /* DetailWeatherCell.swift */; };
		19E3566F1E899C89007783D1 /* AllCitiesViewController.swift in Sources */ = {isa = PBXBuildFile; fileRef = 19E3566E1E899C89007783D1 /* AllCitiesViewController.swift */; };
		19E356711E89A244007783D1 /* AllCitiesCell.swift in Sources */ = {isa = PBXBuildFile; fileRef = 19E356701E89A244007783D1 /* AllCitiesCell.swift */; };
		B0AD4F338914173C08B940C1 /* Pods_uWeather.framework in Frameworks */ = {isa = PBXBuildFile; fileRef = 4696A7C4C9D5D69C93E6133B /* Pods_uWeather.framework */; };
		F1D38C991E89C12A00306F7B /* WeatherServices.swift in Sources */ = {isa = PBXBuildFile; fileRef = F1D38C981E89C12A00306F7B /* WeatherServices.swift */; };
		F1D38C9C1E89C8E200306F7B /* WeatherModel.swift in Sources */ = {isa = PBXBuildFile; fileRef = F1D38C9B1E89C8E200306F7B /* WeatherModel.swift */; };
		F1D38C9F1E89D7E800306F7B /* DataSource.swift in Sources */ = {isa = PBXBuildFile; fileRef = F1D38C9E1E89D7E800306F7B /* DataSource.swift */; };
		F1D38CA11E89ED5C00306F7B /* DailyWeatherModel.swift in Sources */ = {isa = PBXBuildFile; fileRef = F1D38CA01E89ED5C00306F7B /* DailyWeatherModel.swift */; };
/* End PBXBuildFile section */

/* Begin PBXFileReference section */
		1965E35E1E8170E600F70C71 /* BaseViewController.swift */ = {isa = PBXFileReference; fileEncoding = 4; lastKnownFileType = sourcecode.swift; name = BaseViewController.swift; path = ViewControllers/BaseViewController.swift; sourceTree = "<group>"; };
		1965E3601E81730F00F70C71 /* WeatherViewController.swift */ = {isa = PBXFileReference; fileEncoding = 4; lastKnownFileType = sourcecode.swift; name = WeatherViewController.swift; path = ViewControllers/WeatherViewController.swift; sourceTree = "<group>"; };
		1965E3651E81940600F70C71 /* ContainerViewController.swift */ = {isa = PBXFileReference; fileEncoding = 4; lastKnownFileType = sourcecode.swift; name = ContainerViewController.swift; path = ViewControllers/ContainerViewController.swift; sourceTree = "<group>"; };
		196D203F1E82FB3A0097A4B9 /* DetailWeatherViewController.swift */ = {isa = PBXFileReference; fileEncoding = 4; lastKnownFileType = sourcecode.swift; name = DetailWeatherViewController.swift; path = ViewControllers/DetailWeatherViewController.swift; sourceTree = "<group>"; };
		1982BA491E7A932C004BF459 /* uWeather.app */ = {isa = PBXFileReference; explicitFileType = wrapper.application; includeInIndex = 0; path = uWeather.app; sourceTree = BUILT_PRODUCTS_DIR; };
		1982BA4C1E7A932C004BF459 /* AppDelegate.swift */ = {isa = PBXFileReference; lastKnownFileType = sourcecode.swift; path = AppDelegate.swift; sourceTree = "<group>"; };
		1982BA511E7A932C004BF459 /* Base */ = {isa = PBXFileReference; lastKnownFileType = file.storyboard; name = Base; path = Base.lproj/Main.storyboard; sourceTree = "<group>"; };
		1982BA531E7A932C004BF459 /* Assets.xcassets */ = {isa = PBXFileReference; lastKnownFileType = folder.assetcatalog; path = Assets.xcassets; sourceTree = "<group>"; };
		1982BA561E7A932C004BF459 /* Base */ = {isa = PBXFileReference; lastKnownFileType = file.storyboard; name = Base; path = Base.lproj/LaunchScreen.storyboard; sourceTree = "<group>"; };
		1982BA581E7A932C004BF459 /* Info.plist */ = {isa = PBXFileReference; lastKnownFileType = text.plist.xml; path = Info.plist; sourceTree = "<group>"; };
		19B165356696B154C551C78A /* Pods-uWeather.release.xcconfig */ = {isa = PBXFileReference; includeInIndex = 1; lastKnownFileType = text.xcconfig; name = "Pods-uWeather.release.xcconfig"; path = "Pods/Target Support Files/Pods-uWeather/Pods-uWeather.release.xcconfig"; sourceTree = "<group>"; };
		19E3566A1E89830C007783D1 /* WeatherCell.swift */ = {isa = PBXFileReference; fileEncoding = 4; lastKnownFileType = sourcecode.swift; name = WeatherCell.swift; path = ViewControllers/Cells/WeatherCell.swift; sourceTree = "<group>"; };
		19E3566C1E8999C7007783D1 /* DetailWeatherCell.swift */ = {isa = PBXFileReference; fileEncoding = 4; lastKnownFileType = sourcecode.swift; name = DetailWeatherCell.swift; path = ViewControllers/Cells/DetailWeatherCell.swift; sourceTree = "<group>"; };
		19E3566E1E899C89007783D1 /* AllCitiesViewController.swift */ = {isa = PBXFileReference; fileEncoding = 4; lastKnownFileType = sourcecode.swift; name = AllCitiesViewController.swift; path = ViewControllers/AllCitiesViewController.swift; sourceTree = "<group>"; };
		19E356701E89A244007783D1 /* AllCitiesCell.swift */ = {isa = PBXFileReference; fileEncoding = 4; lastKnownFileType = sourcecode.swift; name = AllCitiesCell.swift; path = ViewControllers/Cells/AllCitiesCell.swift; sourceTree = "<group>"; };
		4696A7C4C9D5D69C93E6133B /* Pods_uWeather.framework */ = {isa = PBXFileReference; explicitFileType = wrapper.framework; includeInIndex = 0; path = Pods_uWeather.framework; sourceTree = BUILT_PRODUCTS_DIR; };
		F1D38C981E89C12A00306F7B /* WeatherServices.swift */ = {isa = PBXFileReference; fileEncoding = 4; lastKnownFileType = sourcecode.swift; name = WeatherServices.swift; path = Networking/WeatherServices.swift; sourceTree = "<group>"; };
		F1D38C9B1E89C8E200306F7B /* WeatherModel.swift */ = {isa = PBXFileReference; fileEncoding = 4; lastKnownFileType = sourcecode.swift; name = WeatherModel.swift; path = Models/WeatherModel.swift; sourceTree = "<group>"; };
		F1D38C9E1E89D7E800306F7B /* DataSource.swift */ = {isa = PBXFileReference; fileEncoding = 4; lastKnownFileType = sourcecode.swift; name = DataSource.swift; path = ViewControllers/DataSource/DataSource.swift; sourceTree = "<group>"; };
		F1D38CA01E89ED5C00306F7B /* DailyWeatherModel.swift */ = {isa = PBXFileReference; fileEncoding = 4; lastKnownFileType = sourcecode.swift; name = DailyWeatherModel.swift; path = Models/DailyWeatherModel.swift; sourceTree = "<group>"; };
		F52E0E0C0AE6A962FBA15800 /* Pods-uWeather.debug.xcconfig */ = {isa = PBXFileReference; includeInIndex = 1; lastKnownFileType = text.xcconfig; name = "Pods-uWeather.debug.xcconfig"; path = "Pods/Target Support Files/Pods-uWeather/Pods-uWeather.debug.xcconfig"; sourceTree = "<group>"; };
/* End PBXFileReference section */

/* Begin PBXFrameworksBuildPhase section */
		1982BA461E7A932C004BF459 /* Frameworks */ = {
			isa = PBXFrameworksBuildPhase;
			buildActionMask = 2147483647;
			files = (
				B0AD4F338914173C08B940C1 /* Pods_uWeather.framework in Frameworks */,
			);
			runOnlyForDeploymentPostprocessing = 0;
		};
/* End PBXFrameworksBuildPhase section */

/* Begin PBXGroup section */
		1965E35C1E81703500F70C71 /* SupportingFiles */ = {
			isa = PBXGroup;
			children = (
				1982BA531E7A932C004BF459 /* Assets.xcassets */,
				1982BA551E7A932C004BF459 /* LaunchScreen.storyboard */,
				1982BA581E7A932C004BF459 /* Info.plist */,
			);
			name = SupportingFiles;
			sourceTree = "<group>";
		};
		1965E35D1E81705000F70C71 /* ViewControllers */ = {
			isa = PBXGroup;
			children = (
				F1D38C9D1E89D76100306F7B /* DataSource */,
				19E356691E8982DB007783D1 /* Cells */,
				1965E35E1E8170E600F70C71 /* BaseViewController.swift */,
				1965E3601E81730F00F70C71 /* WeatherViewController.swift */,
				1965E3651E81940600F70C71 /* ContainerViewController.swift */,
				196D203F1E82FB3A0097A4B9 /* DetailWeatherViewController.swift */,
				19E3566E1E899C89007783D1 /* AllCitiesViewController.swift */,
			);
			name = ViewControllers;
			sourceTree = "<group>";
		};
		1982BA401E7A932C004BF459 = {
			isa = PBXGroup;
			children = (
				1982BA4B1E7A932C004BF459 /* uWeather */,
				1982BA4A1E7A932C004BF459 /* Products */,
				E7A8D9D590E7EBDD7C5F4A48 /* Pods */,
				2FE7FB1C9A0CDC01B67D5814 /* Frameworks */,
			);
			sourceTree = "<group>";
		};
		1982BA4A1E7A932C004BF459 /* Products */ = {
			isa = PBXGroup;
			children = (
				1982BA491E7A932C004BF459 /* uWeather.app */,
			);
			name = Products;
			sourceTree = "<group>";
		};
		1982BA4B1E7A932C004BF459 /* uWeather */ = {
			isa = PBXGroup;
			children = (
				F1D38C9A1E89C8AB00306F7B /* Models */,
				F1D38C971E89C0F400306F7B /* Networking */,
				1965E35D1E81705000F70C71 /* ViewControllers */,
				1965E35C1E81703500F70C71 /* SupportingFiles */,
				1982BA4C1E7A932C004BF459 /* AppDelegate.swift */,
				1982BA501E7A932C004BF459 /* Main.storyboard */,
			);
			path = uWeather;
			sourceTree = "<group>";
		};
		19E356691E8982DB007783D1 /* Cells */ = {
			isa = PBXGroup;
			children = (
				19E3566A1E89830C007783D1 /* WeatherCell.swift */,
				19E3566C1E8999C7007783D1 /* DetailWeatherCell.swift */,
				19E356701E89A244007783D1 /* AllCitiesCell.swift */,
			);
			name = Cells;
			sourceTree = "<group>";
		};
		2FE7FB1C9A0CDC01B67D5814 /* Frameworks */ = {
			isa = PBXGroup;
			children = (
				4696A7C4C9D5D69C93E6133B /* Pods_uWeather.framework */,
			);
			name = Frameworks;
			sourceTree = "<group>";
		};
		E7A8D9D590E7EBDD7C5F4A48 /* Pods */ = {
			isa = PBXGroup;
			children = (
				F52E0E0C0AE6A962FBA15800 /* Pods-uWeather.debug.xcconfig */,
				19B165356696B154C551C78A /* Pods-uWeather.release.xcconfig */,
			);
			name = Pods;
			sourceTree = "<group>";
		};
		F1D38C971E89C0F400306F7B /* Networking */ = {
			isa = PBXGroup;
			children = (
				F1D38C981E89C12A00306F7B /* WeatherServices.swift */,
			);
			name = Networking;
			sourceTree = "<group>";
		};
		F1D38C9A1E89C8AB00306F7B /* Models */ = {
			isa = PBXGroup;
			children = (
				F1D38C9B1E89C8E200306F7B /* WeatherModel.swift */,
				F1D38CA01E89ED5C00306F7B /* DailyWeatherModel.swift */,
			);
			name = Models;
			sourceTree = "<group>";
		};
		F1D38C9D1E89D76100306F7B /* DataSource */ = {
			isa = PBXGroup;
			children = (
				F1D38C9E1E89D7E800306F7B /* DataSource.swift */,
			);
			name = DataSource;
			sourceTree = "<group>";
		};
/* End PBXGroup section */

/* Begin PBXNativeTarget section */
		1982BA481E7A932C004BF459 /* uWeather */ = {
			isa = PBXNativeTarget;
			buildConfigurationList = 1982BA5B1E7A932C004BF459 /* Build configuration list for PBXNativeTarget "uWeather" */;
			buildPhases = (
				B69DB7BEA059B2B85B212347 /* [CP] Check Pods Manifest.lock */,
				1982BA451E7A932C004BF459 /* Sources */,
				1982BA461E7A932C004BF459 /* Frameworks */,
				1982BA471E7A932C004BF459 /* Resources */,
				6B81D94912F29EE0F2308A20 /* [CP] Embed Pods Frameworks */,
				294C7E403579AB9F6DA83149 /* [CP] Copy Pods Resources */,
			);
			buildRules = (
			);
			dependencies = (
			);
			name = uWeather;
			productName = uWeather;
			productReference = 1982BA491E7A932C004BF459 /* uWeather.app */;
			productType = "com.apple.product-type.application";
		};
/* End PBXNativeTarget section */

/* Begin PBXProject section */
		1982BA411E7A932C004BF459 /* Project object */ = {
			isa = PBXProject;
			attributes = {
				LastSwiftUpdateCheck = 0820;
				LastUpgradeCheck = 0820;
				ORGANIZATIONNAME = "Roman Sakhnievych";
				TargetAttributes = {
					1982BA481E7A932C004BF459 = {
						CreatedOnToolsVersion = 8.2.1;
						DevelopmentTeam = KP3N9J848G;
						ProvisioningStyle = Automatic;
					};
				};
			};
			buildConfigurationList = 1982BA441E7A932C004BF459 /* Build configuration list for PBXProject "uWeather" */;
			compatibilityVersion = "Xcode 3.2";
			developmentRegion = English;
			hasScannedForEncodings = 0;
			knownRegions = (
				en,
				Base,
			);
			mainGroup = 1982BA401E7A932C004BF459;
			productRefGroup = 1982BA4A1E7A932C004BF459 /* Products */;
			projectDirPath = "";
			projectRoot = "";
			targets = (
				1982BA481E7A932C004BF459 /* uWeather */,
			);
		};
/* End PBXProject section */

/* Begin PBXResourcesBuildPhase section */
		1982BA471E7A932C004BF459 /* Resources */ = {
			isa = PBXResourcesBuildPhase;
			buildActionMask = 2147483647;
			files = (
				1982BA571E7A932C004BF459 /* LaunchScreen.storyboard in Resources */,
				1982BA541E7A932C004BF459 /* Assets.xcassets in Resources */,
				1982BA521E7A932C004BF459 /* Main.storyboard in Resources */,
			);
			runOnlyForDeploymentPostprocessing = 0;
		};
/* End PBXResourcesBuildPhase section */

/* Begin PBXShellScriptBuildPhase section */
		294C7E403579AB9F6DA83149 /* [CP] Copy Pods Resources */ = {
			isa = PBXShellScriptBuildPhase;
			buildActionMask = 2147483647;
			files = (
			);
			inputPaths = (
			);
			name = "[CP] Copy Pods Resources";
			outputPaths = (
			);
			runOnlyForDeploymentPostprocessing = 0;
			shellPath = /bin/sh;
			shellScript = "\"${SRCROOT}/Pods/Target Support Files/Pods-uWeather/Pods-uWeather-resources.sh\"\n";
			showEnvVarsInLog = 0;
		};
		6B81D94912F29EE0F2308A20 /* [CP] Embed Pods Frameworks */ = {
			isa = PBXShellScriptBuildPhase;
			buildActionMask = 2147483647;
			files = (
			);
			inputPaths = (
			);
			name = "[CP] Embed Pods Frameworks";
			outputPaths = (
			);
			runOnlyForDeploymentPostprocessing = 0;
			shellPath = /bin/sh;
			shellScript = "\"${SRCROOT}/Pods/Target Support Files/Pods-uWeather/Pods-uWeather-frameworks.sh\"\n";
			showEnvVarsInLog = 0;
		};
		B69DB7BEA059B2B85B212347 /* [CP] Check Pods Manifest.lock */ = {
			isa = PBXShellScriptBuildPhase;
			buildActionMask = 2147483647;
			files = (
			);
			inputPaths = (
			);
			name = "[CP] Check Pods Manifest.lock";
			outputPaths = (
			);
			runOnlyForDeploymentPostprocessing = 0;
			shellPath = /bin/sh;
			shellScript = "diff \"${PODS_ROOT}/../Podfile.lock\" \"${PODS_ROOT}/Manifest.lock\" > /dev/null\nif [ $? != 0 ] ; then\n    # print error to STDERR\n    echo \"error: The sandbox is not in sync with the Podfile.lock. Run 'pod install' or update your CocoaPods installation.\" >&2\n    exit 1\nfi\n";
			showEnvVarsInLog = 0;
		};
/* End PBXShellScriptBuildPhase section */

/* Begin PBXSourcesBuildPhase section */
		1982BA451E7A932C004BF459 /* Sources */ = {
			isa = PBXSourcesBuildPhase;
			buildActionMask = 2147483647;
			files = (
				196D20401E82FB3A0097A4B9 /* DetailWeatherViewController.swift in Sources */,
				19E3566F1E899C89007783D1 /* AllCitiesViewController.swift in Sources */,
				19E3566D1E8999C7007783D1 /* DetailWeatherCell.swift in Sources */,
				1982BA4D1E7A932C004BF459 /* AppDelegate.swift in Sources */,
				1965E3611E81730F00F70C71 /* WeatherViewController.swift in Sources */,
				1965E3661E81940600F70C71 /* ContainerViewController.swift in Sources */,
				F1D38C9F1E89D7E800306F7B /* DataSource.swift in Sources */,
				F1D38C991E89C12A00306F7B /* WeatherServices.swift in Sources */,
				F1D38CA11E89ED5C00306F7B /* DailyWeatherModel.swift in Sources */,
				1965E35F1E8170E600F70C71 /* BaseViewController.swift in Sources */,
				19E356711E89A244007783D1 /* AllCitiesCell.swift in Sources */,
				19E3566B1E89830C007783D1 /* WeatherCell.swift in Sources */,
				F1D38C9C1E89C8E200306F7B /* WeatherModel.swift in Sources */,
			);
			runOnlyForDeploymentPostprocessing = 0;
		};
/* End PBXSourcesBuildPhase section */

/* Begin PBXVariantGroup section */
		1982BA501E7A932C004BF459 /* Main.storyboard */ = {
			isa = PBXVariantGroup;
			children = (
				1982BA511E7A932C004BF459 /* Base */,
			);
			name = Main.storyboard;
			sourceTree = "<group>";
		};
		1982BA551E7A932C004BF459 /* LaunchScreen.storyboard */ = {
			isa = PBXVariantGroup;
			children = (
				1982BA561E7A932C004BF459 /* Base */,
			);
			name = LaunchScreen.storyboard;
			sourceTree = "<group>";
		};
/* End PBXVariantGroup section */

/* Begin XCBuildConfiguration section */
		1982BA591E7A932C004BF459 /* Debug */ = {
			isa = XCBuildConfiguration;
			buildSettings = {
				ALWAYS_SEARCH_USER_PATHS = NO;
				CLANG_ANALYZER_NONNULL = YES;
				CLANG_CXX_LANGUAGE_STANDARD = "gnu++0x";
				CLANG_CXX_LIBRARY = "libc++";
				CLANG_ENABLE_MODULES = YES;
				CLANG_ENABLE_OBJC_ARC = YES;
				CLANG_WARN_BOOL_CONVERSION = YES;
				CLANG_WARN_CONSTANT_CONVERSION = YES;
				CLANG_WARN_DIRECT_OBJC_ISA_USAGE = YES_ERROR;
				CLANG_WARN_DOCUMENTATION_COMMENTS = YES;
				CLANG_WARN_EMPTY_BODY = YES;
				CLANG_WARN_ENUM_CONVERSION = YES;
				CLANG_WARN_INFINITE_RECURSION = YES;
				CLANG_WARN_INT_CONVERSION = YES;
				CLANG_WARN_OBJC_ROOT_CLASS = YES_ERROR;
				CLANG_WARN_SUSPICIOUS_MOVE = YES;
				CLANG_WARN_UNREACHABLE_CODE = YES;
				CLANG_WARN__DUPLICATE_METHOD_MATCH = YES;
				"CODE_SIGN_IDENTITY[sdk=iphoneos*]" = "iPhone Developer";
				COPY_PHASE_STRIP = NO;
				DEBUG_INFORMATION_FORMAT = dwarf;
				ENABLE_STRICT_OBJC_MSGSEND = YES;
				ENABLE_TESTABILITY = YES;
				GCC_C_LANGUAGE_STANDARD = gnu99;
				GCC_DYNAMIC_NO_PIC = NO;
				GCC_NO_COMMON_BLOCKS = YES;
				GCC_OPTIMIZATION_LEVEL = 0;
				GCC_PREPROCESSOR_DEFINITIONS = (
					"DEBUG=1",
					"$(inherited)",
				);
				GCC_WARN_64_TO_32_BIT_CONVERSION = YES;
				GCC_WARN_ABOUT_RETURN_TYPE = YES_ERROR;
				GCC_WARN_UNDECLARED_SELECTOR = YES;
				GCC_WARN_UNINITIALIZED_AUTOS = YES_AGGRESSIVE;
				GCC_WARN_UNUSED_FUNCTION = YES;
				GCC_WARN_UNUSED_VARIABLE = YES;
				IPHONEOS_DEPLOYMENT_TARGET = 10.2;
				MTL_ENABLE_DEBUG_INFO = YES;
				ONLY_ACTIVE_ARCH = YES;
				SDKROOT = iphoneos;
				SWIFT_ACTIVE_COMPILATION_CONDITIONS = DEBUG;
				SWIFT_OPTIMIZATION_LEVEL = "-Onone";
			};
			name = Debug;
		};
		1982BA5A1E7A932C004BF459 /* Release */ = {
			isa = XCBuildConfiguration;
			buildSettings = {
				ALWAYS_SEARCH_USER_PATHS = NO;
				CLANG_ANALYZER_NONNULL = YES;
				CLANG_CXX_LANGUAGE_STANDARD = "gnu++0x";
				CLANG_CXX_LIBRARY = "libc++";
				CLANG_ENABLE_MODULES = YES;
				CLANG_ENABLE_OBJC_ARC = YES;
				CLANG_WARN_BOOL_CONVERSION = YES;
				CLANG_WARN_CONSTANT_CONVERSION = YES;
				CLANG_WARN_DIRECT_OBJC_ISA_USAGE = YES_ERROR;
				CLANG_WARN_DOCUMENTATION_COMMENTS = YES;
				CLANG_WARN_EMPTY_BODY = YES;
				CLANG_WARN_ENUM_CONVERSION = YES;
				CLANG_WARN_INFINITE_RECURSION = YES;
				CLANG_WARN_INT_CONVERSION = YES;
				CLANG_WARN_OBJC_ROOT_CLASS = YES_ERROR;
				CLANG_WARN_SUSPICIOUS_MOVE = YES;
				CLANG_WARN_UNREACHABLE_CODE = YES;
				CLANG_WARN__DUPLICATE_METHOD_MATCH = YES;
				"CODE_SIGN_IDENTITY[sdk=iphoneos*]" = "iPhone Developer";
				COPY_PHASE_STRIP = NO;
				DEBUG_INFORMATION_FORMAT = "dwarf-with-dsym";
				ENABLE_NS_ASSERTIONS = NO;
				ENABLE_STRICT_OBJC_MSGSEND = YES;
				GCC_C_LANGUAGE_STANDARD = gnu99;
				GCC_NO_COMMON_BLOCKS = YES;
				GCC_WARN_64_TO_32_BIT_CONVERSION = YES;
				GCC_WARN_ABOUT_RETURN_TYPE = YES_ERROR;
				GCC_WARN_UNDECLARED_SELECTOR = YES;
				GCC_WARN_UNINITIALIZED_AUTOS = YES_AGGRESSIVE;
				GCC_WARN_UNUSED_FUNCTION = YES;
				GCC_WARN_UNUSED_VARIABLE = YES;
				IPHONEOS_DEPLOYMENT_TARGET = 10.2;
				MTL_ENABLE_DEBUG_INFO = NO;
				SDKROOT = iphoneos;
				SWIFT_OPTIMIZATION_LEVEL = "-Owholemodule";
				VALIDATE_PRODUCT = YES;
			};
			name = Release;
		};
		1982BA5C1E7A932C004BF459 /* Debug */ = {
			isa = XCBuildConfiguration;
			baseConfigurationReference = F52E0E0C0AE6A962FBA15800 /* Pods-uWeather.debug.xcconfig */;
			buildSettings = {
				ASSETCATALOG_COMPILER_APPICON_NAME = AppIcon;
				DEVELOPMENT_TEAM = KP3N9J848G;
				INFOPLIST_FILE = uWeather/Info.plist;
				LD_RUNPATH_SEARCH_PATHS = "$(inherited) @executable_path/Frameworks";
				PRODUCT_BUNDLE_IDENTIFIER = com.uweather.uWeather;
				PRODUCT_NAME = "$(TARGET_NAME)";
				SWIFT_VERSION = 3.0;
			};
			name = Debug;
		};
		1982BA5D1E7A932C004BF459 /* Release */ = {
			isa = XCBuildConfiguration;
			baseConfigurationReference = 19B165356696B154C551C78A /* Pods-uWeather.release.xcconfig */;
			buildSettings = {
				ASSETCATALOG_COMPILER_APPICON_NAME = AppIcon;
				DEVELOPMENT_TEAM = KP3N9J848G;
				INFOPLIST_FILE = uWeather/Info.plist;
				LD_RUNPATH_SEARCH_PATHS = "$(inherited) @executable_path/Frameworks";
				PRODUCT_BUNDLE_IDENTIFIER = com.uweather.uWeather;
				PRODUCT_NAME = "$(TARGET_NAME)";
				SWIFT_VERSION = 3.0;
			};
			name = Release;
		};
/* End XCBuildConfiguration section */

/* Begin XCConfigurationList section */
		1982BA441E7A932C004BF459 /* Build configuration list for PBXProject "uWeather" */ = {
			isa = XCConfigurationList;
			buildConfigurations = (
				1982BA591E7A932C004BF459 /* Debug */,
				1982BA5A1E7A932C004BF459 /* Release */,
			);
			defaultConfigurationIsVisible = 0;
			defaultConfigurationName = Release;
		};
		1982BA5B1E7A932C004BF459 /* Build configuration list for PBXNativeTarget "uWeather" */ = {
			isa = XCConfigurationList;
			buildConfigurations = (
				1982BA5C1E7A932C004BF459 /* Debug */,
				1982BA5D1E7A932C004BF459 /* Release */,
			);
			defaultConfigurationIsVisible = 0;
			defaultConfigurationName = Release;
		};
/* End XCConfigurationList section */
	};
	rootObject = 1982BA411E7A932C004BF459 /* Project object */;
}
